// !$*UTF8*$!
{
	archiveVersion = 1;
	classes = {
	};
	objectVersion = 77;
	objects = {

/* Begin PBXBuildFile section */
		89BA63FB2EA834670038ECD0 /* Geohasher in Frameworks */ = {isa = PBXBuildFile; productRef = 89BA63FA2EA834670038ECD0 /* Geohasher */; };
		89BA64082EA885A10038ECD0 /* FirebaseAnalytics in Frameworks */ = {isa = PBXBuildFile; productRef = 89BA64072EA885A10038ECD0 /* FirebaseAnalytics */; };
		89BA640A2EA885A10038ECD0 /* FirebaseAuth in Frameworks */ = {isa = PBXBuildFile; productRef = 89BA64092EA885A10038ECD0 /* FirebaseAuth */; };
		89BA640C2EA885A10038ECD0 /* FirebaseFirestore in Frameworks */ = {isa = PBXBuildFile; productRef = 89BA640B2EA885A10038ECD0 /* FirebaseFirestore */; };
		89BA640E2EA885A10038ECD0 /* FirebaseStorage in Frameworks */ = {isa = PBXBuildFile; productRef = 89BA640D2EA885A10038ECD0 /* FirebaseStorage */; };
		89BA64392EA972510038ECD0 /* Alamofire in Frameworks */ = {isa = PBXBuildFile; productRef = 89BA64382EA972510038ECD0 /* Alamofire */; };
		89BA645C2EAD35DB0038ECD0 /* GoogleSignIn in Frameworks */ = {isa = PBXBuildFile; productRef = 89BA645B2EAD35DB0038ECD0 /* GoogleSignIn */; };
		89BA645E2EAD35DB0038ECD0 /* GoogleSignInSwift in Frameworks */ = {isa = PBXBuildFile; productRef = 89BA645D2EAD35DB0038ECD0 /* GoogleSignInSwift */; };
		89ED659B2EE4DCB700E460D5 /* MWDATCamera in Frameworks */ = {isa = PBXBuildFile; productRef = 89ED659A2EE4DCB700E460D5 /* MWDATCamera */; };
		89ED659D2EE4DCB700E460D5 /* MWDATCore in Frameworks */ = {isa = PBXBuildFile; productRef = 89ED659C2EE4DCB700E460D5 /* MWDATCore */; };
		89ED659F2EE4DCB700E460D5 /* MWDATMockDevice in Frameworks */ = {isa = PBXBuildFile; productRef = 89ED659E2EE4DCB700E460D5 /* MWDATMockDevice */; };
/* End PBXBuildFile section */

/* Begin PBXContainerItemProxy section */
		8901D8832EA7DB6300DF72ED /* PBXContainerItemProxy */ = {
			isa = PBXContainerItemProxy;
			containerPortal = 8901D8642EA7DB6000DF72ED /* Project object */;
			proxyType = 1;
			remoteGlobalIDString = 8901D86B2EA7DB6000DF72ED;
			remoteInfo = BlueprintCapture;
		};
		8901D88D2EA7DB6300DF72ED /* PBXContainerItemProxy */ = {
			isa = PBXContainerItemProxy;
			containerPortal = 8901D8642EA7DB6000DF72ED /* Project object */;
			proxyType = 1;
			remoteGlobalIDString = 8901D86B2EA7DB6000DF72ED;
			remoteInfo = BlueprintCapture;
		};
/* End PBXContainerItemProxy section */

/* Begin PBXFileReference section */
		8901D86C2EA7DB6000DF72ED /* BlueprintCapture.app */ = {isa = PBXFileReference; explicitFileType = wrapper.application; includeInIndex = 0; path = BlueprintCapture.app; sourceTree = BUILT_PRODUCTS_DIR; };
		8901D8822EA7DB6300DF72ED /* BlueprintCaptureTests.xctest */ = {isa = PBXFileReference; explicitFileType = wrapper.cfbundle; includeInIndex = 0; path = BlueprintCaptureTests.xctest; sourceTree = BUILT_PRODUCTS_DIR; };
		8901D88C2EA7DB6300DF72ED /* BlueprintCaptureUITests.xctest */ = {isa = PBXFileReference; explicitFileType = wrapper.cfbundle; includeInIndex = 0; path = BlueprintCaptureUITests.xctest; sourceTree = BUILT_PRODUCTS_DIR; };
/* End PBXFileReference section */

/* Begin PBXFileSystemSynchronizedBuildFileExceptionSet section */
		8901D9062EA7E0E900DF72ED /* Exceptions for "BlueprintCapture" folder in "BlueprintCapture" target */ = {
			isa = PBXFileSystemSynchronizedBuildFileExceptionSet;
			membershipExceptions = (
				Info.plist,
			);
			target = 8901D86B2EA7DB6000DF72ED /* BlueprintCapture */;
		};
/* End PBXFileSystemSynchronizedBuildFileExceptionSet section */

/* Begin PBXFileSystemSynchronizedRootGroup section */
		8901D86E2EA7DB6000DF72ED /* BlueprintCapture */ = {
			isa = PBXFileSystemSynchronizedRootGroup;
			exceptions = (
				8901D9062EA7E0E900DF72ED /* Exceptions for "BlueprintCapture" folder in "BlueprintCapture" target */,
			);
			path = BlueprintCapture;
			sourceTree = "<group>";
		};
		8901D8852EA7DB6300DF72ED /* BlueprintCaptureTests */ = {
			isa = PBXFileSystemSynchronizedRootGroup;
			path = BlueprintCaptureTests;
			sourceTree = "<group>";
		};
		8901D88F2EA7DB6300DF72ED /* BlueprintCaptureUITests */ = {
			isa = PBXFileSystemSynchronizedRootGroup;
			path = BlueprintCaptureUITests;
			sourceTree = "<group>";
		};
/* End PBXFileSystemSynchronizedRootGroup section */

/* Begin PBXFrameworksBuildPhase section */
		8901D8692EA7DB6000DF72ED /* Frameworks */ = {
			isa = PBXFrameworksBuildPhase;
			buildActionMask = 2147483647;
			files = (
				89BA64082EA885A10038ECD0 /* FirebaseAnalytics in Frameworks */,
				89ED659B2EE4DCB700E460D5 /* MWDATCamera in Frameworks */,
				89BA640C2EA885A10038ECD0 /* FirebaseFirestore in Frameworks */,
				89ED659D2EE4DCB700E460D5 /* MWDATCore in Frameworks */,
				89ED659F2EE4DCB700E460D5 /* MWDATMockDevice in Frameworks */,
				89BA640A2EA885A10038ECD0 /* FirebaseAuth in Frameworks */,
				89BA645E2EAD35DB0038ECD0 /* GoogleSignInSwift in Frameworks */,
				89BA64392EA972510038ECD0 /* Alamofire in Frameworks */,
				89BA640E2EA885A10038ECD0 /* FirebaseStorage in Frameworks */,
				89BA63FB2EA834670038ECD0 /* Geohasher in Frameworks */,
				89BA645C2EAD35DB0038ECD0 /* GoogleSignIn in Frameworks */,
			);
			runOnlyForDeploymentPostprocessing = 0;
		};
		8901D87F2EA7DB6300DF72ED /* Frameworks */ = {
			isa = PBXFrameworksBuildPhase;
			buildActionMask = 2147483647;
			files = (
			);
			runOnlyForDeploymentPostprocessing = 0;
		};
		8901D8892EA7DB6300DF72ED /* Frameworks */ = {
			isa = PBXFrameworksBuildPhase;
			buildActionMask = 2147483647;
			files = (
			);
			runOnlyForDeploymentPostprocessing = 0;
		};
/* End PBXFrameworksBuildPhase section */

/* Begin PBXGroup section */
		8901D8632EA7DB6000DF72ED = {
			isa = PBXGroup;
			children = (
				8901D86E2EA7DB6000DF72ED /* BlueprintCapture */,
				8901D8852EA7DB6300DF72ED /* BlueprintCaptureTests */,
				8901D88F2EA7DB6300DF72ED /* BlueprintCaptureUITests */,
				8901D86D2EA7DB6000DF72ED /* Products */,
			);
			sourceTree = "<group>";
		};
		8901D86D2EA7DB6000DF72ED /* Products */ = {
			isa = PBXGroup;
			children = (
				8901D86C2EA7DB6000DF72ED /* BlueprintCapture.app */,
				8901D8822EA7DB6300DF72ED /* BlueprintCaptureTests.xctest */,
				8901D88C2EA7DB6300DF72ED /* BlueprintCaptureUITests.xctest */,
			);
			name = Products;
			sourceTree = "<group>";
		};
/* End PBXGroup section */

/* Begin PBXNativeTarget section */
		8901D86B2EA7DB6000DF72ED /* BlueprintCapture */ = {
			isa = PBXNativeTarget;
			buildConfigurationList = 8901D8962EA7DB6300DF72ED /* Build configuration list for PBXNativeTarget "BlueprintCapture" */;
			buildPhases = (
				8901D8682EA7DB6000DF72ED /* Sources */,
				8901D8692EA7DB6000DF72ED /* Frameworks */,
				8901D86A2EA7DB6000DF72ED /* Resources */,
			);
			buildRules = (
			);
			dependencies = (
			);
			fileSystemSynchronizedGroups = (
				8901D86E2EA7DB6000DF72ED /* BlueprintCapture */,
			);
			name = BlueprintCapture;
			packageProductDependencies = (
				89BA63FA2EA834670038ECD0 /* Geohasher */,
				89BA64072EA885A10038ECD0 /* FirebaseAnalytics */,
				89BA64092EA885A10038ECD0 /* FirebaseAuth */,
				89BA640B2EA885A10038ECD0 /* FirebaseFirestore */,
				89BA640D2EA885A10038ECD0 /* FirebaseStorage */,
				89BA64382EA972510038ECD0 /* Alamofire */,
				89BA645B2EAD35DB0038ECD0 /* GoogleSignIn */,
				89BA645D2EAD35DB0038ECD0 /* GoogleSignInSwift */,
				89ED659A2EE4DCB700E460D5 /* MWDATCamera */,
				89ED659C2EE4DCB700E460D5 /* MWDATCore */,
				89ED659E2EE4DCB700E460D5 /* MWDATMockDevice */,
			);
			productName = BlueprintCapture;
			productReference = 8901D86C2EA7DB6000DF72ED /* BlueprintCapture.app */;
			productType = "com.apple.product-type.application";
		};
		8901D8812EA7DB6300DF72ED /* BlueprintCaptureTests */ = {
			isa = PBXNativeTarget;
			buildConfigurationList = 8901D8992EA7DB6300DF72ED /* Build configuration list for PBXNativeTarget "BlueprintCaptureTests" */;
			buildPhases = (
				8901D87E2EA7DB6300DF72ED /* Sources */,
				8901D87F2EA7DB6300DF72ED /* Frameworks */,
				8901D8802EA7DB6300DF72ED /* Resources */,
			);
			buildRules = (
			);
			dependencies = (
				8901D8842EA7DB6300DF72ED /* PBXTargetDependency */,
			);
			fileSystemSynchronizedGroups = (
				8901D8852EA7DB6300DF72ED /* BlueprintCaptureTests */,
			);
			name = BlueprintCaptureTests;
			packageProductDependencies = (
			);
			productName = BlueprintCaptureTests;
			productReference = 8901D8822EA7DB6300DF72ED /* BlueprintCaptureTests.xctest */;
			productType = "com.apple.product-type.bundle.unit-test";
		};
		8901D88B2EA7DB6300DF72ED /* BlueprintCaptureUITests */ = {
			isa = PBXNativeTarget;
			buildConfigurationList = 8901D89C2EA7DB6300DF72ED /* Build configuration list for PBXNativeTarget "BlueprintCaptureUITests" */;
			buildPhases = (
				8901D8882EA7DB6300DF72ED /* Sources */,
				8901D8892EA7DB6300DF72ED /* Frameworks */,
				8901D88A2EA7DB6300DF72ED /* Resources */,
			);
			buildRules = (
			);
			dependencies = (
				8901D88E2EA7DB6300DF72ED /* PBXTargetDependency */,
			);
			fileSystemSynchronizedGroups = (
				8901D88F2EA7DB6300DF72ED /* BlueprintCaptureUITests */,
			);
			name = BlueprintCaptureUITests;
			packageProductDependencies = (
			);
			productName = BlueprintCaptureUITests;
			productReference = 8901D88C2EA7DB6300DF72ED /* BlueprintCaptureUITests.xctest */;
			productType = "com.apple.product-type.bundle.ui-testing";
		};
/* End PBXNativeTarget section */

/* Begin PBXProject section */
		8901D8642EA7DB6000DF72ED /* Project object */ = {
			isa = PBXProject;
			attributes = {
				BuildIndependentTargetsInParallel = 1;
				LastSwiftUpdateCheck = 2600;
				LastUpgradeCheck = 2600;
				TargetAttributes = {
					8901D86B2EA7DB6000DF72ED = {
						CreatedOnToolsVersion = 26.0.1;
					};
					8901D8812EA7DB6300DF72ED = {
						CreatedOnToolsVersion = 26.0.1;
						TestTargetID = 8901D86B2EA7DB6000DF72ED;
					};
					8901D88B2EA7DB6300DF72ED = {
						CreatedOnToolsVersion = 26.0.1;
						TestTargetID = 8901D86B2EA7DB6000DF72ED;
					};
				};
			};
			buildConfigurationList = 8901D8672EA7DB6000DF72ED /* Build configuration list for PBXProject "BlueprintCapture" */;
			developmentRegion = en;
			hasScannedForEncodings = 0;
			knownRegions = (
				en,
				Base,
			);
			mainGroup = 8901D8632EA7DB6000DF72ED;
			minimizedProjectReferenceProxies = 1;
			packageReferences = (
				89BA63F92EA834670038ECD0 /* XCRemoteSwiftPackageReference "Geohasher" */,
				89BA64062EA885A10038ECD0 /* XCRemoteSwiftPackageReference "firebase-ios-sdk" */,
				89BA64372EA972510038ECD0 /* XCRemoteSwiftPackageReference "Alamofire" */,
				89BA645A2EAD35DB0038ECD0 /* XCRemoteSwiftPackageReference "GoogleSignIn-iOS" */,
				89ED65992EE4DCB700E460D5 /* XCRemoteSwiftPackageReference "meta-wearables-dat-ios" */,
			);
			preferredProjectObjectVersion = 77;
			productRefGroup = 8901D86D2EA7DB6000DF72ED /* Products */;
			projectDirPath = "";
			projectRoot = "";
			targets = (
				8901D86B2EA7DB6000DF72ED /* BlueprintCapture */,
				8901D8812EA7DB6300DF72ED /* BlueprintCaptureTests */,
				8901D88B2EA7DB6300DF72ED /* BlueprintCaptureUITests */,
			);
		};
/* End PBXProject section */

/* Begin PBXResourcesBuildPhase section */
		8901D86A2EA7DB6000DF72ED /* Resources */ = {
			isa = PBXResourcesBuildPhase;
			buildActionMask = 2147483647;
			files = (
			);
			runOnlyForDeploymentPostprocessing = 0;
		};
		8901D8802EA7DB6300DF72ED /* Resources */ = {
			isa = PBXResourcesBuildPhase;
			buildActionMask = 2147483647;
			files = (
			);
			runOnlyForDeploymentPostprocessing = 0;
		};
		8901D88A2EA7DB6300DF72ED /* Resources */ = {
			isa = PBXResourcesBuildPhase;
			buildActionMask = 2147483647;
			files = (
			);
			runOnlyForDeploymentPostprocessing = 0;
		};
/* End PBXResourcesBuildPhase section */

/* Begin PBXSourcesBuildPhase section */
		8901D8682EA7DB6000DF72ED /* Sources */ = {
			isa = PBXSourcesBuildPhase;
			buildActionMask = 2147483647;
			files = (
			);
			runOnlyForDeploymentPostprocessing = 0;
		};
		8901D87E2EA7DB6300DF72ED /* Sources */ = {
			isa = PBXSourcesBuildPhase;
			buildActionMask = 2147483647;
			files = (
			);
			runOnlyForDeploymentPostprocessing = 0;
		};
		8901D8882EA7DB6300DF72ED /* Sources */ = {
			isa = PBXSourcesBuildPhase;
			buildActionMask = 2147483647;
			files = (
			);
			runOnlyForDeploymentPostprocessing = 0;
		};
/* End PBXSourcesBuildPhase section */

/* Begin PBXTargetDependency section */
		8901D8842EA7DB6300DF72ED /* PBXTargetDependency */ = {
			isa = PBXTargetDependency;
			target = 8901D86B2EA7DB6000DF72ED /* BlueprintCapture */;
			targetProxy = 8901D8832EA7DB6300DF72ED /* PBXContainerItemProxy */;
		};
		8901D88E2EA7DB6300DF72ED /* PBXTargetDependency */ = {
			isa = PBXTargetDependency;
			target = 8901D86B2EA7DB6000DF72ED /* BlueprintCapture */;
			targetProxy = 8901D88D2EA7DB6300DF72ED /* PBXContainerItemProxy */;
		};
/* End PBXTargetDependency section */

/* Begin XCBuildConfiguration section */
		8901D8942EA7DB6300DF72ED /* Debug */ = {
			isa = XCBuildConfiguration;
			buildSettings = {
				ALWAYS_SEARCH_USER_PATHS = NO;
				ASSETCATALOG_COMPILER_GENERATE_SWIFT_ASSET_SYMBOL_EXTENSIONS = YES;
				CLANG_ANALYZER_NONNULL = YES;
				CLANG_ANALYZER_NUMBER_OBJECT_CONVERSION = YES_AGGRESSIVE;
				CLANG_CXX_LANGUAGE_STANDARD = "gnu++20";
				CLANG_ENABLE_MODULES = YES;
				CLANG_ENABLE_OBJC_ARC = YES;
				CLANG_ENABLE_OBJC_WEAK = YES;
				CLANG_WARN_BLOCK_CAPTURE_AUTORELEASING = YES;
				CLANG_WARN_BOOL_CONVERSION = YES;
				CLANG_WARN_COMMA = YES;
				CLANG_WARN_CONSTANT_CONVERSION = YES;
				CLANG_WARN_DEPRECATED_OBJC_IMPLEMENTATIONS = YES;
				CLANG_WARN_DIRECT_OBJC_ISA_USAGE = YES_ERROR;
				CLANG_WARN_DOCUMENTATION_COMMENTS = YES;
				CLANG_WARN_EMPTY_BODY = YES;
				CLANG_WARN_ENUM_CONVERSION = YES;
				CLANG_WARN_INFINITE_RECURSION = YES;
				CLANG_WARN_INT_CONVERSION = YES;
				CLANG_WARN_NON_LITERAL_NULL_CONVERSION = YES;
				CLANG_WARN_OBJC_IMPLICIT_RETAIN_SELF = YES;
				CLANG_WARN_OBJC_LITERAL_CONVERSION = YES;
				CLANG_WARN_OBJC_ROOT_CLASS = YES_ERROR;
				CLANG_WARN_QUOTED_INCLUDE_IN_FRAMEWORK_HEADER = YES;
				CLANG_WARN_RANGE_LOOP_ANALYSIS = YES;
				CLANG_WARN_STRICT_PROTOTYPES = YES;
				CLANG_WARN_SUSPICIOUS_MOVE = YES;
				CLANG_WARN_UNGUARDED_AVAILABILITY = YES_AGGRESSIVE;
				CLANG_WARN_UNREACHABLE_CODE = YES;
				CLANG_WARN__DUPLICATE_METHOD_MATCH = YES;
				COPY_PHASE_STRIP = NO;
				DEBUG_INFORMATION_FORMAT = dwarf;
				DEVELOPMENT_TEAM = 6ZTS4C5F38;
				ENABLE_STRICT_OBJC_MSGSEND = YES;
				ENABLE_TESTABILITY = YES;
				ENABLE_USER_SCRIPT_SANDBOXING = YES;
				GCC_C_LANGUAGE_STANDARD = gnu17;
				GCC_DYNAMIC_NO_PIC = NO;
				GCC_NO_COMMON_BLOCKS = YES;
				GCC_OPTIMIZATION_LEVEL = 0;
				GCC_PREPROCESSOR_DEFINITIONS = (
					"DEBUG=1",
					"$(inherited)",
				);
				GCC_WARN_64_TO_32_BIT_CONVERSION = YES;
				GCC_WARN_ABOUT_RETURN_TYPE = YES_ERROR;
				GCC_WARN_UNDECLARED_SELECTOR = YES;
				GCC_WARN_UNINITIALIZED_AUTOS = YES_AGGRESSIVE;
				GCC_WARN_UNUSED_FUNCTION = YES;
				GCC_WARN_UNUSED_VARIABLE = YES;
				IPHONEOS_DEPLOYMENT_TARGET = 26.0;
				LOCALIZATION_PREFERS_STRING_CATALOGS = YES;
				MTL_ENABLE_DEBUG_INFO = INCLUDE_SOURCE;
				MTL_FAST_MATH = YES;
				ONLY_ACTIVE_ARCH = YES;
				SDKROOT = iphoneos;
				SWIFT_ACTIVE_COMPILATION_CONDITIONS = "DEBUG $(inherited)";
				SWIFT_OPTIMIZATION_LEVEL = "-Onone";
			};
			name = Debug;
		};
		8901D8952EA7DB6300DF72ED /* Release */ = {
			isa = XCBuildConfiguration;
			buildSettings = {
				ALWAYS_SEARCH_USER_PATHS = NO;
				ASSETCATALOG_COMPILER_GENERATE_SWIFT_ASSET_SYMBOL_EXTENSIONS = YES;
				CLANG_ANALYZER_NONNULL = YES;
				CLANG_ANALYZER_NUMBER_OBJECT_CONVERSION = YES_AGGRESSIVE;
				CLANG_CXX_LANGUAGE_STANDARD = "gnu++20";
				CLANG_ENABLE_MODULES = YES;
				CLANG_ENABLE_OBJC_ARC = YES;
				CLANG_ENABLE_OBJC_WEAK = YES;
				CLANG_WARN_BLOCK_CAPTURE_AUTORELEASING = YES;
				CLANG_WARN_BOOL_CONVERSION = YES;
				CLANG_WARN_COMMA = YES;
				CLANG_WARN_CONSTANT_CONVERSION = YES;
				CLANG_WARN_DEPRECATED_OBJC_IMPLEMENTATIONS = YES;
				CLANG_WARN_DIRECT_OBJC_ISA_USAGE = YES_ERROR;
				CLANG_WARN_DOCUMENTATION_COMMENTS = YES;
				CLANG_WARN_EMPTY_BODY = YES;
				CLANG_WARN_ENUM_CONVERSION = YES;
				CLANG_WARN_INFINITE_RECURSION = YES;
				CLANG_WARN_INT_CONVERSION = YES;
				CLANG_WARN_NON_LITERAL_NULL_CONVERSION = YES;
				CLANG_WARN_OBJC_IMPLICIT_RETAIN_SELF = YES;
				CLANG_WARN_OBJC_LITERAL_CONVERSION = YES;
				CLANG_WARN_OBJC_ROOT_CLASS = YES_ERROR;
				CLANG_WARN_QUOTED_INCLUDE_IN_FRAMEWORK_HEADER = YES;
				CLANG_WARN_RANGE_LOOP_ANALYSIS = YES;
				CLANG_WARN_STRICT_PROTOTYPES = YES;
				CLANG_WARN_SUSPICIOUS_MOVE = YES;
				CLANG_WARN_UNGUARDED_AVAILABILITY = YES_AGGRESSIVE;
				CLANG_WARN_UNREACHABLE_CODE = YES;
				CLANG_WARN__DUPLICATE_METHOD_MATCH = YES;
				COPY_PHASE_STRIP = NO;
				DEBUG_INFORMATION_FORMAT = "dwarf-with-dsym";
				DEVELOPMENT_TEAM = 6ZTS4C5F38;
				ENABLE_NS_ASSERTIONS = NO;
				ENABLE_STRICT_OBJC_MSGSEND = YES;
				ENABLE_USER_SCRIPT_SANDBOXING = YES;
				GCC_C_LANGUAGE_STANDARD = gnu17;
				GCC_NO_COMMON_BLOCKS = YES;
				GCC_WARN_64_TO_32_BIT_CONVERSION = YES;
				GCC_WARN_ABOUT_RETURN_TYPE = YES_ERROR;
				GCC_WARN_UNDECLARED_SELECTOR = YES;
				GCC_WARN_UNINITIALIZED_AUTOS = YES_AGGRESSIVE;
				GCC_WARN_UNUSED_FUNCTION = YES;
				GCC_WARN_UNUSED_VARIABLE = YES;
				IPHONEOS_DEPLOYMENT_TARGET = 26.0;
				LOCALIZATION_PREFERS_STRING_CATALOGS = YES;
				MTL_ENABLE_DEBUG_INFO = NO;
				MTL_FAST_MATH = YES;
				SDKROOT = iphoneos;
				SWIFT_COMPILATION_MODE = wholemodule;
				VALIDATE_PRODUCT = YES;
			};
			name = Release;
		};
		8901D8972EA7DB6300DF72ED /* Debug */ = {
			isa = XCBuildConfiguration;
			buildSettings = {
				ASSETCATALOG_COMPILER_APPICON_NAME = AppIcon;
				ASSETCATALOG_COMPILER_GLOBAL_ACCENT_COLOR_NAME = AccentColor;
				CODE_SIGN_STYLE = Automatic;
				CURRENT_PROJECT_VERSION = 1;
				DEVELOPMENT_TEAM = 3TUCA8KAYA;
				GENERATE_INFOPLIST_FILE = NO;
				INFOPLIST_FILE = BlueprintCapture/Info.plist;
				INFOPLIST_KEY_CFBundleDisplayName = Blueprint;
				IPHONEOS_DEPLOYMENT_TARGET = 18.6;
				LD_RUNPATH_SEARCH_PATHS = (
					"$(inherited)",
					"@executable_path/Frameworks",
				);
				MARKETING_VERSION = 1.0;
				PRODUCT_BUNDLE_IDENTIFIER = Public.BlueprintCapture;
				PRODUCT_NAME = "$(TARGET_NAME)";
				STRING_CATALOG_GENERATE_SYMBOLS = YES;
				SWIFT_APPROACHABLE_CONCURRENCY = YES;
				SWIFT_DEFAULT_ACTOR_ISOLATION = MainActor;
				SWIFT_EMIT_LOC_STRINGS = YES;
				SWIFT_UPCOMING_FEATURE_MEMBER_IMPORT_VISIBILITY = YES;
				SWIFT_VERSION = 5.0;
				TARGETED_DEVICE_FAMILY = "1,2";
			};
			name = Debug;
		};
		8901D8982EA7DB6300DF72ED /* Release */ = {
			isa = XCBuildConfiguration;
			buildSettings = {
				ASSETCATALOG_COMPILER_APPICON_NAME = AppIcon;
				ASSETCATALOG_COMPILER_GLOBAL_ACCENT_COLOR_NAME = AccentColor;
				CODE_SIGN_STYLE = Automatic;
				CURRENT_PROJECT_VERSION = 1;
				DEVELOPMENT_TEAM = 3TUCA8KAYA;
				GENERATE_INFOPLIST_FILE = NO;
				INFOPLIST_FILE = BlueprintCapture/Info.plist;
				INFOPLIST_KEY_CFBundleDisplayName = Blueprint;
				IPHONEOS_DEPLOYMENT_TARGET = 18.6;
				LD_RUNPATH_SEARCH_PATHS = (
					"$(inherited)",
					"@executable_path/Frameworks",
				);
				MARKETING_VERSION = 1.0;
				PRODUCT_BUNDLE_IDENTIFIER = Public.BlueprintCapture;
				PRODUCT_NAME = "$(TARGET_NAME)";
				STRING_CATALOG_GENERATE_SYMBOLS = YES;
				SWIFT_APPROACHABLE_CONCURRENCY = YES;
				SWIFT_DEFAULT_ACTOR_ISOLATION = MainActor;
				SWIFT_EMIT_LOC_STRINGS = YES;
				SWIFT_UPCOMING_FEATURE_MEMBER_IMPORT_VISIBILITY = YES;
				SWIFT_VERSION = 5.0;
				TARGETED_DEVICE_FAMILY = "1,2";
			};
			name = Release;
		};
		8901D89A2EA7DB6300DF72ED /* Debug */ = {
			isa = XCBuildConfiguration;
			buildSettings = {
				BUNDLE_LOADER = "$(TEST_HOST)";
				CODE_SIGN_STYLE = Automatic;
				CURRENT_PROJECT_VERSION = 1;
				DEVELOPMENT_TEAM = 6ZTS4C5F38;
				GENERATE_INFOPLIST_FILE = YES;
				IPHONEOS_DEPLOYMENT_TARGET = 26.0;
				MARKETING_VERSION = 1.0;
				PRODUCT_BUNDLE_IDENTIFIER = Public.BlueprintCaptureTests;
				PRODUCT_NAME = "$(TARGET_NAME)";
				STRING_CATALOG_GENERATE_SYMBOLS = NO;
				SWIFT_APPROACHABLE_CONCURRENCY = YES;
				SWIFT_EMIT_LOC_STRINGS = NO;
				SWIFT_UPCOMING_FEATURE_MEMBER_IMPORT_VISIBILITY = YES;
				SWIFT_VERSION = 5.0;
				TARGETED_DEVICE_FAMILY = "1,2";
				TEST_HOST = "$(BUILT_PRODUCTS_DIR)/BlueprintCapture.app/$(BUNDLE_EXECUTABLE_FOLDER_PATH)/BlueprintCapture";
			};
			name = Debug;
		};
		8901D89B2EA7DB6300DF72ED /* Release */ = {
			isa = XCBuildConfiguration;
			buildSettings = {
				BUNDLE_LOADER = "$(TEST_HOST)";
				CODE_SIGN_STYLE = Automatic;
				CURRENT_PROJECT_VERSION = 1;
				DEVELOPMENT_TEAM = 6ZTS4C5F38;
				GENERATE_INFOPLIST_FILE = YES;
				IPHONEOS_DEPLOYMENT_TARGET = 26.0;
				MARKETING_VERSION = 1.0;
				PRODUCT_BUNDLE_IDENTIFIER = Public.BlueprintCaptureTests;
				PRODUCT_NAME = "$(TARGET_NAME)";
				STRING_CATALOG_GENERATE_SYMBOLS = NO;
				SWIFT_APPROACHABLE_CONCURRENCY = YES;
				SWIFT_EMIT_LOC_STRINGS = NO;
				SWIFT_UPCOMING_FEATURE_MEMBER_IMPORT_VISIBILITY = YES;
				SWIFT_VERSION = 5.0;
				TARGETED_DEVICE_FAMILY = "1,2";
				TEST_HOST = "$(BUILT_PRODUCTS_DIR)/BlueprintCapture.app/$(BUNDLE_EXECUTABLE_FOLDER_PATH)/BlueprintCapture";
			};
			name = Release;
		};
		8901D89D2EA7DB6300DF72ED /* Debug */ = {
			isa = XCBuildConfiguration;
			buildSettings = {
				CODE_SIGN_STYLE = Automatic;
				CURRENT_PROJECT_VERSION = 1;
				DEVELOPMENT_TEAM = 6ZTS4C5F38;
				GENERATE_INFOPLIST_FILE = YES;
				MARKETING_VERSION = 1.0;
				PRODUCT_BUNDLE_IDENTIFIER = Public.BlueprintCaptureUITests;
				PRODUCT_NAME = "$(TARGET_NAME)";
				STRING_CATALOG_GENERATE_SYMBOLS = NO;
				SWIFT_APPROACHABLE_CONCURRENCY = YES;
				SWIFT_EMIT_LOC_STRINGS = NO;
				SWIFT_UPCOMING_FEATURE_MEMBER_IMPORT_VISIBILITY = YES;
				SWIFT_VERSION = 5.0;
				TARGETED_DEVICE_FAMILY = "1,2";
				TEST_TARGET_NAME = BlueprintCapture;
			};
			name = Debug;
		};
		8901D89E2EA7DB6300DF72ED /* Release */ = {
			isa = XCBuildConfiguration;
			buildSettings = {
				CODE_SIGN_STYLE = Automatic;
				CURRENT_PROJECT_VERSION = 1;
				DEVELOPMENT_TEAM = 6ZTS4C5F38;
				GENERATE_INFOPLIST_FILE = YES;
				MARKETING_VERSION = 1.0;
				PRODUCT_BUNDLE_IDENTIFIER = Public.BlueprintCaptureUITests;
				PRODUCT_NAME = "$(TARGET_NAME)";
				STRING_CATALOG_GENERATE_SYMBOLS = NO;
				SWIFT_APPROACHABLE_CONCURRENCY = YES;
				SWIFT_EMIT_LOC_STRINGS = NO;
				SWIFT_UPCOMING_FEATURE_MEMBER_IMPORT_VISIBILITY = YES;
				SWIFT_VERSION = 5.0;
				TARGETED_DEVICE_FAMILY = "1,2";
				TEST_TARGET_NAME = BlueprintCapture;
			};
			name = Release;
		};
/* End XCBuildConfiguration section */

/* Begin XCConfigurationList section */
		8901D8672EA7DB6000DF72ED /* Build configuration list for PBXProject "BlueprintCapture" */ = {
			isa = XCConfigurationList;
			buildConfigurations = (
				8901D8942EA7DB6300DF72ED /* Debug */,
				8901D8952EA7DB6300DF72ED /* Release */,
			);
			defaultConfigurationIsVisible = 0;
			defaultConfigurationName = Release;
		};
		8901D8962EA7DB6300DF72ED /* Build configuration list for PBXNativeTarget "BlueprintCapture" */ = {
			isa = XCConfigurationList;
			buildConfigurations = (
				8901D8972EA7DB6300DF72ED /* Debug */,
				8901D8982EA7DB6300DF72ED /* Release */,
			);
			defaultConfigurationIsVisible = 0;
			defaultConfigurationName = Release;
		};
		8901D8992EA7DB6300DF72ED /* Build configuration list for PBXNativeTarget "BlueprintCaptureTests" */ = {
			isa = XCConfigurationList;
			buildConfigurations = (
				8901D89A2EA7DB6300DF72ED /* Debug */,
				8901D89B2EA7DB6300DF72ED /* Release */,
			);
			defaultConfigurationIsVisible = 0;
			defaultConfigurationName = Release;
		};
		8901D89C2EA7DB6300DF72ED /* Build configuration list for PBXNativeTarget "BlueprintCaptureUITests" */ = {
			isa = XCConfigurationList;
			buildConfigurations = (
				8901D89D2EA7DB6300DF72ED /* Debug */,
				8901D89E2EA7DB6300DF72ED /* Release */,
			);
			defaultConfigurationIsVisible = 0;
			defaultConfigurationName = Release;
		};
/* End XCConfigurationList section */

/* Begin XCRemoteSwiftPackageReference section */
		89BA63F92EA834670038ECD0 /* XCRemoteSwiftPackageReference "Geohasher" */ = {
			isa = XCRemoteSwiftPackageReference;
			repositoryURL = "https://github.com/nenosllc/Geohasher.git";
			requirement = {
				kind = upToNextMajorVersion;
				minimumVersion = 1.2.1;
			};
		};
		89BA64062EA885A10038ECD0 /* XCRemoteSwiftPackageReference "firebase-ios-sdk" */ = {
			isa = XCRemoteSwiftPackageReference;
			repositoryURL = "https://github.com/firebase/firebase-ios-sdk";
			requirement = {
				kind = upToNextMajorVersion;
				minimumVersion = 12.4.0;
			};
		};
		89BA64372EA972510038ECD0 /* XCRemoteSwiftPackageReference "Alamofire" */ = {
			isa = XCRemoteSwiftPackageReference;
			repositoryURL = "https://github.com/Alamofire/Alamofire.git";
			requirement = {
				kind = upToNextMajorVersion;
				minimumVersion = 5.10.2;
			};
		};
		89BA645A2EAD35DB0038ECD0 /* XCRemoteSwiftPackageReference "GoogleSignIn-iOS" */ = {
			isa = XCRemoteSwiftPackageReference;
			repositoryURL = "https://github.com/google/GoogleSignIn-iOS";
			requirement = {
				kind = upToNextMajorVersion;
				minimumVersion = 9.0.0;
			};
		};
		89ED65992EE4DCB700E460D5 /* XCRemoteSwiftPackageReference "meta-wearables-dat-ios" */ = {
			isa = XCRemoteSwiftPackageReference;
			repositoryURL = "https://github.com/facebook/meta-wearables-dat-ios";
			requirement = {
				kind = upToNextMajorVersion;
				minimumVersion = 0.2.1;
			};
		};
/* End XCRemoteSwiftPackageReference section */

/* Begin XCSwiftPackageProductDependency section */
		89BA63FA2EA834670038ECD0 /* Geohasher */ = {
			isa = XCSwiftPackageProductDependency;
			package = 89BA63F92EA834670038ECD0 /* XCRemoteSwiftPackageReference "Geohasher" */;
			productName = Geohasher;
		};
		89BA64072EA885A10038ECD0 /* FirebaseAnalytics */ = {
			isa = XCSwiftPackageProductDependency;
			package = 89BA64062EA885A10038ECD0 /* XCRemoteSwiftPackageReference "firebase-ios-sdk" */;
			productName = FirebaseAnalytics;
		};
		89BA64092EA885A10038ECD0 /* FirebaseAuth */ = {
			isa = XCSwiftPackageProductDependency;
			package = 89BA64062EA885A10038ECD0 /* XCRemoteSwiftPackageReference "firebase-ios-sdk" */;
			productName = FirebaseAuth;
		};
		89BA640B2EA885A10038ECD0 /* FirebaseFirestore */ = {
			isa = XCSwiftPackageProductDependency;
			package = 89BA64062EA885A10038ECD0 /* XCRemoteSwiftPackageReference "firebase-ios-sdk" */;
			productName = FirebaseFirestore;
		};
		89BA640D2EA885A10038ECD0 /* FirebaseStorage */ = {
			isa = XCSwiftPackageProductDependency;
			package = 89BA64062EA885A10038ECD0 /* XCRemoteSwiftPackageReference "firebase-ios-sdk" */;
			productName = FirebaseStorage;
		};
		89BA64382EA972510038ECD0 /* Alamofire */ = {
			isa = XCSwiftPackageProductDependency;
			package = 89BA64372EA972510038ECD0 /* XCRemoteSwiftPackageReference "Alamofire" */;
			productName = Alamofire;
		};
		89BA645B2EAD35DB0038ECD0 /* GoogleSignIn */ = {
			isa = XCSwiftPackageProductDependency;
			package = 89BA645A2EAD35DB0038ECD0 /* XCRemoteSwiftPackageReference "GoogleSignIn-iOS" */;
			productName = GoogleSignIn;
		};
		89BA645D2EAD35DB0038ECD0 /* GoogleSignInSwift */ = {
			isa = XCSwiftPackageProductDependency;
			package = 89BA645A2EAD35DB0038ECD0 /* XCRemoteSwiftPackageReference "GoogleSignIn-iOS" */;
			productName = GoogleSignInSwift;
		};
		89ED659A2EE4DCB700E460D5 /* MWDATCamera */ = {
			isa = XCSwiftPackageProductDependency;
			package = 89ED65992EE4DCB700E460D5 /* XCRemoteSwiftPackageReference "meta-wearables-dat-ios" */;
			productName = MWDATCamera;
		};
		89ED659C2EE4DCB700E460D5 /* MWDATCore */ = {
			isa = XCSwiftPackageProductDependency;
			package = 89ED65992EE4DCB700E460D5 /* XCRemoteSwiftPackageReference "meta-wearables-dat-ios" */;
			productName = MWDATCore;
		};
		89ED659E2EE4DCB700E460D5 /* MWDATMockDevice */ = {
			isa = XCSwiftPackageProductDependency;
			package = 89ED65992EE4DCB700E460D5 /* XCRemoteSwiftPackageReference "meta-wearables-dat-ios" */;
			productName = MWDATMockDevice;
		};
/* End XCSwiftPackageProductDependency section */
	};
	rootObject = 8901D8642EA7DB6000DF72ED /* Project object */;
}
